
Microsoft Visual Studio Solution File, Format Version 12.00
# Visual Studio Version 16
VisualStudioVersion = 16.0.31515.178
MinimumVisualStudioVersion = 10.0.40219.1
Project("{9A19103F-16F7-4668-BE54-9A1E7A4F7556}") = "WindowsFormsButtonsGame", "WindowsFormsButtonsGame\WindowsFormsButtonsGame.csproj", "{73CFC871-02BC-4EA8-A3F9-EA570578FE67}"
EndProject
Global
	GlobalSection(SolutionConfigurationPlatforms) = preSolution
		Debug|Any CPU = Debug|Any CPU
		Debug|ARM64 = Debug|ARM64
		Debug|x64 = Debug|x64
		Release|Any CPU = Release|Any CPU
		Release|ARM64 = Release|ARM64
		Release|x64 = Release|x64
	EndGlobalSection
	GlobalSection(ProjectConfigurationPlatforms) = postSolution
		{73CFC871-02BC-4EA8-A3F9-EA570578FE67}.Debug|Any CPU.ActiveCfg = Debug|Any CPU
		{73CFC871-02BC-4EA8-A3F9-EA570578FE67}.Debug|Any CPU.Build.0 = Debug|Any CPU
		{73CFC871-02BC-4EA8-A3F9-EA570578FE67}.Debug|ARM64.ActiveCfg = Debug|ARM64
		{73CFC871-02BC-4EA8-A3F9-EA570578FE67}.Debug|ARM64.Build.0 = Debug|ARM64
		{73CFC871-02BC-4EA8-A3F9-EA570578FE67}.Debug|x64.ActiveCfg = Debug|x64
		{73CFC871-02BC-4EA8-A3F9-EA570578FE67}.Debug|x64.Build.0 = Debug|x64
		{73CFC871-02BC-4EA8-A3F9-EA570578FE67}.Release|Any CPU.ActiveCfg = Release|Any CPU
		{73CFC871-02BC-4EA8-A3F9-EA570578FE67}.Release|Any CPU.Build.0 = Release|Any CPU
		{73CFC871-02BC-4EA8-A3F9-EA570578FE67}.Release|ARM64.ActiveCfg = Release|ARM64
		{73CFC871-02BC-4EA8-A3F9-EA570578FE67}.Release|ARM64.Build.0 = Release|ARM64
		{73CFC871-02BC-4EA8-A3F9-EA570578FE67}.Release|x64.ActiveCfg = Release|x64
		{73CFC871-02BC-4EA8-A3F9-EA570578FE67}.Release|x64.Build.0 = Release|x64
	EndGlobalSection
	GlobalSection(SolutionProperties) = preSolution
		HideSolutionNode = FALSE
	EndGlobalSection
	GlobalSection(ExtensibilityGlobals) = postSolution
		SolutionGuid = {D6FB29A1-D361-4A60-8852-99516308213A}
	EndGlobalSection
EndGlobal
